
Microsoft Visual Studio Solution File, Format Version 12.00
# Visual Studio Version 16
VisualStudioVersion = 16.0.31624.102
MinimumVisualStudioVersion = 10.0.40219.1
Project("{8BC9CEB8-8B4A-11D0-8D11-00A0C91BC942}") = "queue", "queue\queue.vcxproj", "{3C925095-F938-4411-81E3-9B50DD7E08EC}"
EndProject
Project("{8BC9CEB8-8B4A-11D0-8D11-00A0C91BC942}") = "UnitTest", "UnitTest\UnitTest.vcxproj", "{6CAF59CA-33FA-4CB8-B824-1216102257B9}"
EndProject
Global
	GlobalSection(SolutionConfigurationPlatforms) = preSolution
		Debug|x64 = Debug|x64
		Debug|x86 = Debug|x86
		Release|x64 = Release|x64
		Release|x86 = Release|x86
	EndGlobalSection
	GlobalSection(ProjectConfigurationPlatforms) = postSolution
		{3C925095-F938-4411-81E3-9B50DD7E08EC}.Debug|x64.ActiveCfg = Debug|x64
		{3C925095-F938-4411-81E3-9B50DD7E08EC}.Debug|x64.Build.0 = Debug|x64
		{3C925095-F938-4411-81E3-9B50DD7E08EC}.Debug|x86.ActiveCfg = Debug|Win32
		{3C925095-F938-4411-81E3-9B50DD7E08EC}.Debug|x86.Build.0 = Debug|Win32
		{3C925095-F938-4411-81E3-9B50DD7E08EC}.Release|x64.ActiveCfg = Release|x64
		{3C925095-F938-4411-81E3-9B50DD7E08EC}.Release|x64.Build.0 = Release|x64
		{3C925095-F938-4411-81E3-9B50DD7E08EC}.Release|x86.ActiveCfg = Release|Win32
		{3C925095-F938-4411-81E3-9B50DD7E08EC}.Release|x86.Build.0 = Release|Win32
		{6CAF59CA-33FA-4CB8-B824-1216102257B9}.Debug|x64.ActiveCfg = Debug|x64
		{6CAF59CA-33FA-4CB8-B824-1216102257B9}.Debug|x64.Build.0 = Debug|x64
		{6CAF59CA-33FA-4CB8-B824-1216102257B9}.Debug|x86.ActiveCfg = Debug|Win32
		{6CAF59CA-33FA-4CB8-B824-1216102257B9}.Debug|x86.Build.0 = Debug|Win32
		{6CAF59CA-33FA-4CB8-B824-1216102257B9}.Release|x64.ActiveCfg = Release|x64
		{6CAF59CA-33FA-4CB8-B824-1216102257B9}.Release|x64.Build.0 = Release|x64
		{6CAF59CA-33FA-4CB8-B824-1216102257B9}.Release|x86.ActiveCfg = Release|Win32
		{6CAF59CA-33FA-4CB8-B824-1216102257B9}.Release|x86.Build.0 = Release|Win32
	EndGlobalSection
	GlobalSection(SolutionProperties) = preSolution
		HideSolutionNode = FALSE
	EndGlobalSection
	GlobalSection(ExtensibilityGlobals) = postSolution
		SolutionGuid = {A9AA0D76-EC98-4975-8414-E6CF966ED62F}
	EndGlobalSection
EndGlobal
